
Microsoft Visual Studio Solution File, Format Version 12.00
# Visual Studio Version 17
VisualStudioVersion = 17.5.002.0
MinimumVisualStudioVersion = 10.0.40219.1
Project("{9A19103F-16F7-4668-BE54-9A1E7A4F7556}") = "Math.Max", "Math.Max.csproj", "{63EDBF5C-DF25-490D-A0F9-F4AD5302292A}"
EndProject
Global
	GlobalSection(SolutionConfigurationPlatforms) = preSolution
		Debug|Any CPU = Debug|Any CPU
		Release|Any CPU = Release|Any CPU
	EndGlobalSection
	GlobalSection(ProjectConfigurationPlatforms) = postSolution
		{63EDBF5C-DF25-490D-A0F9-F4AD5302292A}.Debug|Any CPU.ActiveCfg = Debug|Any CPU
		{63EDBF5C-DF25-490D-A0F9-F4AD5302292A}.Debug|Any CPU.Build.0 = Debug|Any CPU
		{63EDBF5C-DF25-490D-A0F9-F4AD5302292A}.Release|Any CPU.ActiveCfg = Release|Any CPU
		{63EDBF5C-DF25-490D-A0F9-F4AD5302292A}.Release|Any CPU.Build.0 = Release|Any CPU
	EndGlobalSection
	GlobalSection(SolutionProperties) = preSolution
		HideSolutionNode = FALSE
	EndGlobalSection
	GlobalSection(ExtensibilityGlobals) = postSolution
		SolutionGuid = {A09B7BA6-8684-4059-9A63-134945548556}
	EndGlobalSection
EndGlobal
