
Microsoft Visual Studio Solution File, Format Version 12.00
# Visual Studio Version 17
VisualStudioVersion = 17.5.002.0
MinimumVisualStudioVersion = 10.0.40219.1
Project("{9A19103F-16F7-4668-BE54-9A1E7A4F7556}") = "TestProject", "TestProject.csproj", "{D18F3776-8896-4AFD-9D2B-2A30749DB255}"
EndProject
Global
	GlobalSection(SolutionConfigurationPlatforms) = preSolution
		Debug|Any CPU = Debug|Any CPU
		Release|Any CPU = Release|Any CPU
	EndGlobalSection
	GlobalSection(ProjectConfigurationPlatforms) = postSolution
		{D18F3776-8896-4AFD-9D2B-2A30749DB255}.Debug|Any CPU.ActiveCfg = Debug|Any CPU
		{D18F3776-8896-4AFD-9D2B-2A30749DB255}.Debug|Any CPU.Build.0 = Debug|Any CPU
		{D18F3776-8896-4AFD-9D2B-2A30749DB255}.Release|Any CPU.ActiveCfg = Release|Any CPU
		{D18F3776-8896-4AFD-9D2B-2A30749DB255}.Release|Any CPU.Build.0 = Release|Any CPU
	EndGlobalSection
	GlobalSection(SolutionProperties) = preSolution
		HideSolutionNode = FALSE
	EndGlobalSection
	GlobalSection(ExtensibilityGlobals) = postSolution
		SolutionGuid = {A1895586-6595-4D93-B546-F479DADB5565}
	EndGlobalSection
EndGlobal
